// !$*UTF8*$!
{
	archiveVersion = 1;
	classes = {
	};
	objectVersion = 48;
	objects = {

/* Begin PBXBuildFile section */
		E22042DE2048102F0005EE59 /* AppDelegate.m in Sources */ = {isa = PBXBuildFile; fileRef = E22042DD2048102F0005EE59 /* AppDelegate.m */; };
		E22042E12048102F0005EE59 /* ViewController.m in Sources */ = {isa = PBXBuildFile; fileRef = E22042E02048102F0005EE59 /* ViewController.m */; };
		E22042E42048102F0005EE59 /* Main.storyboard in Resources */ = {isa = PBXBuildFile; fileRef = E22042E22048102F0005EE59 /* Main.storyboard */; };
		E22042E62048102F0005EE59 /* Assets.xcassets in Resources */ = {isa = PBXBuildFile; fileRef = E22042E52048102F0005EE59 /* Assets.xcassets */; };
		E22042E92048102F0005EE59 /* LaunchScreen.storyboard in Resources */ = {isa = PBXBuildFile; fileRef = E22042E72048102F0005EE59 /* LaunchScreen.storyboard */; };
		E22042EC2048102F0005EE59 /* main.m in Sources */ = {isa = PBXBuildFile; fileRef = E22042EB2048102F0005EE59 /* main.m */; };
/* End PBXBuildFile section */

/* Begin PBXFileReference section */
		E22042D92048102F0005EE59 /* FindConmonStr.app */ = {isa = PBXFileReference; explicitFileType = wrapper.application; includeInIndex = 0; path = FindConmonStr.app; sourceTree = BUILT_PRODUCTS_DIR; };
		E22042DC2048102F0005EE59 /* AppDelegate.h */ = {isa = PBXFileReference; lastKnownFileType = sourcecode.c.h; path = AppDelegate.h; sourceTree = "<group>"; };
		E22042DD2048102F0005EE59 /* AppDelegate.m */ = {isa = PBXFileReference; lastKnownFileType = sourcecode.c.objc; path = AppDelegate.m; sourceTree = "<group>"; };
		E22042DF2048102F0005EE59 /* ViewController.h */ = {isa = PBXFileReference; lastKnownFileType = sourcecode.c.h; path = ViewController.h; sourceTree = "<group>"; };
		E22042E02048102F0005EE59 /* ViewController.m */ = {isa = PBXFileReference; lastKnownFileType = sourcecode.c.objc; path = ViewController.m; sourceTree = "<group>"; };
		E22042E32048102F0005EE59 /* Base */ = {isa = PBXFileReference; lastKnownFileType = file.storyboard; name = Base; path = Base.lproj/Main.storyboard; sourceTree = "<group>"; };
		E22042E52048102F0005EE59 /* Assets.xcassets */ = {isa = PBXFileReference; lastKnownFileType = folder.assetcatalog; path = Assets.xcassets; sourceTree = "<group>"; };
		E22042E82048102F0005EE59 /* Base */ = {isa = PBXFileReference; lastKnownFileType = file.storyboard; name = Base; path = Base.lproj/LaunchScreen.storyboard; sourceTree = "<group>"; };
		E22042EA2048102F0005EE59 /* Info.plist */ = {isa = PBXFileReference; lastKnownFileType = text.plist.xml; path = Info.plist; sourceTree = "<group>"; };
		E22042EB2048102F0005EE59 /* main.m */ = {isa = PBXFileReference; lastKnownFileType = sourcecode.c.objc; path = main.m; sourceTree = "<group>"; };
/* End PBXFileReference section */

/* Begin PBXFrameworksBuildPhase section */
		E22042D62048102F0005EE59 /* Frameworks */ = {
			isa = PBXFrameworksBuildPhase;
			buildActionMask = 2147483647;
			files = (
			);
			runOnlyForDeploymentPostprocessing = 0;
		};
/* End PBXFrameworksBuildPhase section */

/* Begin PBXGroup section */
		E22042D02048102F0005EE59 = {
			isa = PBXGroup;
			children = (
				E22042DB2048102F0005EE59 /* FindConmonStr */,
				E22042DA2048102F0005EE59 /* Products */,
			);
			sourceTree = "<group>";
		};
		E22042DA2048102F0005EE59 /* Products */ = {
			isa = PBXGroup;
			children = (
				E22042D92048102F0005EE59 /* FindConmonStr.app */,
			);
			name = Products;
			sourceTree = "<group>";
		};
		E22042DB2048102F0005EE59 /* FindConmonStr */ = {
			isa = PBXGroup;
			children = (
				E22042DC2048102F0005EE59 /* AppDelegate.h */,
				E22042DD2048102F0005EE59 /* AppDelegate.m */,
				E22042DF2048102F0005EE59 /* ViewController.h */,
				E22042E02048102F0005EE59 /* ViewController.m */,
				E22042E22048102F0005EE59 /* Main.storyboard */,
				E22042E52048102F0005EE59 /* Assets.xcassets */,
				E22042E72048102F0005EE59 /* LaunchScreen.storyboard */,
				E22042EA2048102F0005EE59 /* Info.plist */,
				E22042EB2048102F0005EE59 /* main.m */,
			);
			path = FindConmonStr;
			sourceTree = "<group>";
		};
/* End PBXGroup section */

/* Begin PBXNativeTarget section */
		E22042D82048102F0005EE59 /* FindConmonStr */ = {
			isa = PBXNativeTarget;
			buildConfigurationList = E22042EF2048102F0005EE59 /* Build configuration list for PBXNativeTarget "FindConmonStr" */;
			buildPhases = (
				E22042D52048102F0005EE59 /* Sources */,
				E22042D62048102F0005EE59 /* Frameworks */,
				E22042D72048102F0005EE59 /* Resources */,
			);
			buildRules = (
			);
			dependencies = (
			);
			name = FindConmonStr;
			productName = FindConmonStr;
			productReference = E22042D92048102F0005EE59 /* FindConmonStr.app */;
			productType = "com.apple.product-type.application";
		};
/* End PBXNativeTarget section */

/* Begin PBXProject section */
		E22042D12048102F0005EE59 /* Project object */ = {
			isa = PBXProject;
			attributes = {
				LastUpgradeCheck = 0920;
				ORGANIZATIONNAME = "马海平";
				TargetAttributes = {
					E22042D82048102F0005EE59 = {
						CreatedOnToolsVersion = 9.2;
						ProvisioningStyle = Automatic;
					};
				};
			};
			buildConfigurationList = E22042D42048102F0005EE59 /* Build configuration list for PBXProject "FindConmonStr" */;
			compatibilityVersion = "Xcode 8.0";
			developmentRegion = en;
			hasScannedForEncodings = 0;
			knownRegions = (
				en,
				Base,
			);
			mainGroup = E22042D02048102F0005EE59;
			productRefGroup = E22042DA2048102F0005EE59 /* Products */;
			projectDirPath = "";
			projectRoot = "";
			targets = (
				E22042D82048102F0005EE59 /* FindConmonStr */,
			);
		};
/* End PBXProject section */

/* Begin PBXResourcesBuildPhase section */
		E22042D72048102F0005EE59 /* Resources */ = {
			isa = PBXResourcesBuildPhase;
			buildActionMask = 2147483647;
			files = (
				E22042E92048102F0005EE59 /* LaunchScreen.storyboard in Resources */,
				E22042E62048102F0005EE59 /* Assets.xcassets in Resources */,
				E22042E42048102F0005EE59 /* Main.storyboard in Resources */,
			);
			runOnlyForDeploymentPostprocessing = 0;
		};
/* End PBXResourcesBuildPhase section */

/* Begin PBXSourcesBuildPhase section */
		E22042D52048102F0005EE59 /* Sources */ = {
			isa = PBXSourcesBuildPhase;
			buildActionMask = 2147483647;
			files = (
				E22042E12048102F0005EE59 /* ViewController.m in Sources */,
				E22042EC2048102F0005EE59 /* main.m in Sources */,
				E22042DE2048102F0005EE59 /* AppDelegate.m in Sources */,
			);
			runOnlyForDeploymentPostprocessing = 0;
		};
/* End PBXSourcesBuildPhase section */

/* Begin PBXVariantGroup section */
		E22042E22048102F0005EE59 /* Main.storyboard */ = {
			isa = PBXVariantGroup;
			children = (
				E22042E32048102F0005EE59 /* Base */,
			);
			name = Main.storyboard;
			sourceTree = "<group>";
		};
		E22042E72048102F0005EE59 /* LaunchScreen.storyboard */ = {
			isa = PBXVariantGroup;
			children = (
				E22042E82048102F0005EE59 /* Base */,
			);
			name = LaunchScreen.storyboard;
			sourceTree = "<group>";
		};
/* End PBXVariantGroup section */

/* Begin XCBuildConfiguration section */
		E22042ED2048102F0005EE59 /* Debug */ = {
			isa = XCBuildConfiguration;
			buildSettings = {
				ALWAYS_SEARCH_USER_PATHS = NO;
				CLANG_ANALYZER_NONNULL = YES;
				CLANG_ANALYZER_NUMBER_OBJECT_CONVERSION = YES_AGGRESSIVE;
				CLANG_CXX_LANGUAGE_STANDARD = "gnu++14";
				CLANG_CXX_LIBRARY = "libc++";
				CLANG_ENABLE_MODULES = YES;
				CLANG_ENABLE_OBJC_ARC = YES;
				CLANG_WARN_BLOCK_CAPTURE_AUTORELEASING = YES;
				CLANG_WARN_BOOL_CONVERSION = YES;
				CLANG_WARN_COMMA = YES;
				CLANG_WARN_CONSTANT_CONVERSION = YES;
				CLANG_WARN_DIRECT_OBJC_ISA_USAGE = YES_ERROR;
				CLANG_WARN_DOCUMENTATION_COMMENTS = YES;
				CLANG_WARN_EMPTY_BODY = YES;
				CLANG_WARN_ENUM_CONVERSION = YES;
				CLANG_WARN_INFINITE_RECURSION = YES;
				CLANG_WARN_INT_CONVERSION = YES;
				CLANG_WARN_NON_LITERAL_NULL_CONVERSION = YES;
				CLANG_WARN_OBJC_LITERAL_CONVERSION = YES;
				CLANG_WARN_OBJC_ROOT_CLASS = YES_ERROR;
				CLANG_WARN_RANGE_LOOP_ANALYSIS = YES;
				CLANG_WARN_STRICT_PROTOTYPES = YES;
				CLANG_WARN_SUSPICIOUS_MOVE = YES;
				CLANG_WARN_UNGUARDED_AVAILABILITY = YES_AGGRESSIVE;
				CLANG_WARN_UNREACHABLE_CODE = YES;
				CLANG_WARN__DUPLICATE_METHOD_MATCH = YES;
				CODE_SIGN_IDENTITY = "iPhone Developer";
				COPY_PHASE_STRIP = NO;
				DEBUG_INFORMATION_FORMAT = dwarf;
				ENABLE_STRICT_OBJC_MSGSEND = YES;
				ENABLE_TESTABILITY = YES;
				GCC_C_LANGUAGE_STANDARD = gnu11;
				GCC_DYNAMIC_NO_PIC = NO;
				GCC_NO_COMMON_BLOCKS = YES;
				GCC_OPTIMIZATION_LEVEL = 0;
				GCC_PREPROCESSOR_DEFINITIONS = (
					"DEBUG=1",
					"$(inherited)",
				);
				GCC_WARN_64_TO_32_BIT_CONVERSION = YES;
				GCC_WARN_ABOUT_RETURN_TYPE = YES_ERROR;
				GCC_WARN_UNDECLARED_SELECTOR = YES;
				GCC_WARN_UNINITIALIZED_AUTOS = YES_AGGRESSIVE;
				GCC_WARN_UNUSED_FUNCTION = YES;
				GCC_WARN_UNUSED_VARIABLE = YES;
				IPHONEOS_DEPLOYMENT_TARGET = 11.2;
				MTL_ENABLE_DEBUG_INFO = YES;
				ONLY_ACTIVE_ARCH = YES;
				SDKROOT = iphoneos;
			};
			name = Debug;
		};
		E22042EE2048102F0005EE59 /* Release */ = {
			isa = XCBuildConfiguration;
			buildSettings = {
				ALWAYS_SEARCH_USER_PATHS = NO;
				CLANG_ANALYZER_NONNULL = YES;
				CLANG_ANALYZER_NUMBER_OBJECT_CONVERSION = YES_AGGRESSIVE;
				CLANG_CXX_LANGUAGE_STANDARD = "gnu++14";
				CLANG_CXX_LIBRARY = "libc++";
				CLANG_ENABLE_MODULES = YES;
				CLANG_ENABLE_OBJC_ARC = YES;
				CLANG_WARN_BLOCK_CAPTURE_AUTORELEASING = YES;
				CLANG_WARN_BOOL_CONVERSION = YES;
				CLANG_WARN_COMMA = YES;
				CLANG_WARN_CONSTANT_CONVERSION = YES;
				CLANG_WARN_DIRECT_OBJC_ISA_USAGE = YES_ERROR;
				CLANG_WARN_DOCUMENTATION_COMMENTS = YES;
				CLANG_WARN_EMPTY_BODY = YES;
				CLANG_WARN_ENUM_CONVERSION = YES;
				CLANG_WARN_INFINITE_RECURSION = YES;
				CLANG_WARN_INT_CONVERSION = YES;
				CLANG_WARN_NON_LITERAL_NULL_CONVERSION = YES;
				CLANG_WARN_OBJC_LITERAL_CONVERSION = YES;
				CLANG_WARN_OBJC_ROOT_CLASS = YES_ERROR;
				CLANG_WARN_RANGE_LOOP_ANALYSIS = YES;
				CLANG_WARN_STRICT_PROTOTYPES = YES;
				CLANG_WARN_SUSPICIOUS_MOVE = YES;
				CLANG_WARN_UNGUARDED_AVAILABILITY = YES_AGGRESSIVE;
				CLANG_WARN_UNREACHABLE_CODE = YES;
				CLANG_WARN__DUPLICATE_METHOD_MATCH = YES;
				CODE_SIGN_IDENTITY = "iPhone Developer";
				COPY_PHASE_STRIP = NO;
				DEBUG_INFORMATION_FORMAT = "dwarf-with-dsym";
				ENABLE_NS_ASSERTIONS = NO;
				ENABLE_STRICT_OBJC_MSGSEND = YES;
				GCC_C_LANGUAGE_STANDARD = gnu11;
				GCC_NO_COMMON_BLOCKS = YES;
				GCC_WARN_64_TO_32_BIT_CONVERSION = YES;
				GCC_WARN_ABOUT_RETURN_TYPE = YES_ERROR;
				GCC_WARN_UNDECLARED_SELECTOR = YES;
				GCC_WARN_UNINITIALIZED_AUTOS = YES_AGGRESSIVE;
				GCC_WARN_UNUSED_FUNCTION = YES;
				GCC_WARN_UNUSED_VARIABLE = YES;
				IPHONEOS_DEPLOYMENT_TARGET = 11.2;
				MTL_ENABLE_DEBUG_INFO = NO;
				SDKROOT = iphoneos;
				VALIDATE_PRODUCT = YES;
			};
			name = Release;
		};
		E22042F02048102F0005EE59 /* Debug */ = {
			isa = XCBuildConfiguration;
			buildSettings = {
				ASSETCATALOG_COMPILER_APPICON_NAME = AppIcon;
				CODE_SIGN_STYLE = Automatic;
				INFOPLIST_FILE = FindConmonStr/Info.plist;
				LD_RUNPATH_SEARCH_PATHS = "$(inherited) @executable_path/Frameworks";
				PRODUCT_BUNDLE_IDENTIFIER = mahaiping.FindConmonStr;
				PRODUCT_NAME = "$(TARGET_NAME)";
				TARGETED_DEVICE_FAMILY = "1,2";
			};
			name = Debug;
		};
		E22042F12048102F0005EE59 /* Release */ = {
			isa = XCBuildConfiguration;
			buildSettings = {
				ASSETCATALOG_COMPILER_APPICON_NAME = AppIcon;
				CODE_SIGN_STYLE = Automatic;
				INFOPLIST_FILE = FindConmonStr/Info.plist;
				LD_RUNPATH_SEARCH_PATHS = "$(inherited) @executable_path/Frameworks";
				PRODUCT_BUNDLE_IDENTIFIER = mahaiping.FindConmonStr;
				PRODUCT_NAME = "$(TARGET_NAME)";
				TARGETED_DEVICE_FAMILY = "1,2";
			};
			name = Release;
		};
/* End XCBuildConfiguration section */

/* Begin XCConfigurationList section */
		E22042D42048102F0005EE59 /* Build configuration list for PBXProject "FindConmonStr" */ = {
			isa = XCConfigurationList;
			buildConfigurations = (
				E22042ED2048102F0005EE59 /* Debug */,
				E22042EE2048102F0005EE59 /* Release */,
			);
			defaultConfigurationIsVisible = 0;
			defaultConfigurationName = Release;
		};
		E22042EF2048102F0005EE59 /* Build configuration list for PBXNativeTarget "FindConmonStr" */ = {
			isa = XCConfigurationList;
			buildConfigurations = (
				E22042F02048102F0005EE59 /* Debug */,
				E22042F12048102F0005EE59 /* Release */,
			);
			defaultConfigurationIsVisible = 0;
			defaultConfigurationName = Release;
		};
/* End XCConfigurationList section */
	};
	rootObject = E22042D12048102F0005EE59 /* Project object */;
}
